
Microsoft Visual Studio Solution File, Format Version 12.00
# Visual Studio Version 16
VisualStudioVersion = 16.0.29519.87
MinimumVisualStudioVersion = 10.0.40219.1
Project("{9A19103F-16F7-4668-BE54-9A1E7A4F7556}") = "VMManagementDF", "VMManagementDF.csproj", "{9199370C-7837-479D-BC88-F6EBBAA507CE}"
EndProject
Project("{9A19103F-16F7-4668-BE54-9A1E7A4F7556}") = "StartServers2", "..\StartServers2\StartServers2.csproj", "{E7056C00-8738-46B2-B9D9-57F97C4B1B60}"
EndProject
Global
	GlobalSection(SolutionConfigurationPlatforms) = preSolution
		Debug|Any CPU = Debug|Any CPU
		Release|Any CPU = Release|Any CPU
	EndGlobalSection
	GlobalSection(ProjectConfigurationPlatforms) = postSolution
		{9199370C-7837-479D-BC88-F6EBBAA507CE}.Debug|Any CPU.ActiveCfg = Debug|Any CPU
		{9199370C-7837-479D-BC88-F6EBBAA507CE}.Debug|Any CPU.Build.0 = Debug|Any CPU
		{9199370C-7837-479D-BC88-F6EBBAA507CE}.Release|Any CPU.ActiveCfg = Release|Any CPU
		{9199370C-7837-479D-BC88-F6EBBAA507CE}.Release|Any CPU.Build.0 = Release|Any CPU
		{E7056C00-8738-46B2-B9D9-57F97C4B1B60}.Debug|Any CPU.ActiveCfg = Debug|Any CPU
		{E7056C00-8738-46B2-B9D9-57F97C4B1B60}.Debug|Any CPU.Build.0 = Debug|Any CPU
		{E7056C00-8738-46B2-B9D9-57F97C4B1B60}.Release|Any CPU.ActiveCfg = Release|Any CPU
		{E7056C00-8738-46B2-B9D9-57F97C4B1B60}.Release|Any CPU.Build.0 = Release|Any CPU
	EndGlobalSection
	GlobalSection(SolutionProperties) = preSolution
		HideSolutionNode = FALSE
	EndGlobalSection
	GlobalSection(ExtensibilityGlobals) = postSolution
		SolutionGuid = {8727E71D-B59A-4F41-A19B-22709BE6979D}
	EndGlobalSection
EndGlobal
